
Microsoft Visual Studio Solution File, Format Version 12.00
# Visual Studio 15
VisualStudioVersion = 15.0.28307.271
MinimumVisualStudioVersion = 10.0.40219.1
Project("{FAE04EC0-301F-11D3-BF4B-00C04F79EFBC}") = "MNK_Lagrange", "MNK_Lagrange\MNK_Lagrange.csproj", "{628ED0DB-BDFA-4020-9ABB-259DDA43E0EC}"
EndProject
Global
	GlobalSection(SolutionConfigurationPlatforms) = preSolution
		Debug|Any CPU = Debug|Any CPU
		Release|Any CPU = Release|Any CPU
	EndGlobalSection
	GlobalSection(ProjectConfigurationPlatforms) = postSolution
		{628ED0DB-BDFA-4020-9ABB-259DDA43E0EC}.Debug|Any CPU.ActiveCfg = Debug|Any CPU
		{628ED0DB-BDFA-4020-9ABB-259DDA43E0EC}.Debug|Any CPU.Build.0 = Debug|Any CPU
		{628ED0DB-BDFA-4020-9ABB-259DDA43E0EC}.Release|Any CPU.ActiveCfg = Release|Any CPU
		{628ED0DB-BDFA-4020-9ABB-259DDA43E0EC}.Release|Any CPU.Build.0 = Release|Any CPU
	EndGlobalSection
	GlobalSection(SolutionProperties) = preSolution
		HideSolutionNode = FALSE
	EndGlobalSection
	GlobalSection(ExtensibilityGlobals) = postSolution
		SolutionGuid = {AC5CE20E-1F90-4858-B673-9DBD1E84D0FB}
	EndGlobalSection
EndGlobal
